
Microsoft Visual Studio Solution File, Format Version 12.00
# Visual Studio Version 17
VisualStudioVersion = 17.4.33103.184
MinimumVisualStudioVersion = 10.0.40219.1
Project("{FAE04EC0-301F-11D3-BF4B-00C04F79EFBC}") = "webapi.event+.manha", "webapi.event+.manha.csproj", "{27BABE51-C6FE-41B1-998E-3CAFCDBBB62E}"
EndProject
Global
	GlobalSection(SolutionConfigurationPlatforms) = preSolution
		Debug|Any CPU = Debug|Any CPU
		Release|Any CPU = Release|Any CPU
	EndGlobalSection
	GlobalSection(ProjectConfigurationPlatforms) = postSolution
		{27BABE51-C6FE-41B1-998E-3CAFCDBBB62E}.Debug|Any CPU.ActiveCfg = Debug|Any CPU
		{27BABE51-C6FE-41B1-998E-3CAFCDBBB62E}.Debug|Any CPU.Build.0 = Debug|Any CPU
		{27BABE51-C6FE-41B1-998E-3CAFCDBBB62E}.Release|Any CPU.ActiveCfg = Release|Any CPU
		{27BABE51-C6FE-41B1-998E-3CAFCDBBB62E}.Release|Any CPU.Build.0 = Release|Any CPU
	EndGlobalSection
	GlobalSection(SolutionProperties) = preSolution
		HideSolutionNode = FALSE
	EndGlobalSection
	GlobalSection(ExtensibilityGlobals) = postSolution
		SolutionGuid = {E81C842F-119B-40D3-924E-48716F5FE374}
	EndGlobalSection
EndGlobal
